
Microsoft Visual Studio Solution File, Format Version 12.00
# Visual Studio Version 17
VisualStudioVersion = 17.10.34928.147
MinimumVisualStudioVersion = 10.0.40219.1
Project("{FAE04EC0-301F-11D3-BF4B-00C04F79EFBC}") = "01. Change List", "01. Change List\01. Change List.csproj", "{8CBFC50A-7713-4600-AF9B-F70CA4CDFFDD}"
EndProject
Project("{FAE04EC0-301F-11D3-BF4B-00C04F79EFBC}") = "02. List of Products", "02. List of Products\02. List of Products.csproj", "{B3ABCA10-8878-4EB8-B615-9C4CA3B91F51}"
EndProject
Project("{FAE04EC0-301F-11D3-BF4B-00C04F79EFBC}") = "03. Remove Negatives and Reverse", "03. Remove Negatives and Reverse\03. Remove Negatives and Reverse.csproj", "{7C3CAA43-3152-4748-95AC-8A855AE4598D}"
EndProject
Global
	GlobalSection(SolutionConfigurationPlatforms) = preSolution
		Debug|Any CPU = Debug|Any CPU
		Release|Any CPU = Release|Any CPU
	EndGlobalSection
	GlobalSection(ProjectConfigurationPlatforms) = postSolution
		{8CBFC50A-7713-4600-AF9B-F70CA4CDFFDD}.Debug|Any CPU.ActiveCfg = Debug|Any CPU
		{8CBFC50A-7713-4600-AF9B-F70CA4CDFFDD}.Debug|Any CPU.Build.0 = Debug|Any CPU
		{8CBFC50A-7713-4600-AF9B-F70CA4CDFFDD}.Release|Any CPU.ActiveCfg = Release|Any CPU
		{8CBFC50A-7713-4600-AF9B-F70CA4CDFFDD}.Release|Any CPU.Build.0 = Release|Any CPU
		{B3ABCA10-8878-4EB8-B615-9C4CA3B91F51}.Debug|Any CPU.ActiveCfg = Debug|Any CPU
		{B3ABCA10-8878-4EB8-B615-9C4CA3B91F51}.Debug|Any CPU.Build.0 = Debug|Any CPU
		{B3ABCA10-8878-4EB8-B615-9C4CA3B91F51}.Release|Any CPU.ActiveCfg = Release|Any CPU
		{B3ABCA10-8878-4EB8-B615-9C4CA3B91F51}.Release|Any CPU.Build.0 = Release|Any CPU
		{7C3CAA43-3152-4748-95AC-8A855AE4598D}.Debug|Any CPU.ActiveCfg = Debug|Any CPU
		{7C3CAA43-3152-4748-95AC-8A855AE4598D}.Debug|Any CPU.Build.0 = Debug|Any CPU
		{7C3CAA43-3152-4748-95AC-8A855AE4598D}.Release|Any CPU.ActiveCfg = Release|Any CPU
		{7C3CAA43-3152-4748-95AC-8A855AE4598D}.Release|Any CPU.Build.0 = Release|Any CPU
	EndGlobalSection
	GlobalSection(SolutionProperties) = preSolution
		HideSolutionNode = FALSE
	EndGlobalSection
	GlobalSection(ExtensibilityGlobals) = postSolution
		SolutionGuid = {B005F80D-AC27-4439-AF2E-A34B8CC0C632}
	EndGlobalSection
EndGlobal
