
Microsoft Visual Studio Solution File, Format Version 12.00
# Visual Studio Version 17
VisualStudioVersion = 17.10.34928.147
MinimumVisualStudioVersion = 10.0.40219.1
Project("{FAE04EC0-301F-11D3-BF4B-00C04F79EFBC}") = "01. Numbers in Range", "01. Numbers in Range\01. Numbers in Range.csproj", "{74E18719-E488-4BDD-99D5-1D6E29463A0B}"
EndProject
Project("{FAE04EC0-301F-11D3-BF4B-00C04F79EFBC}") = "02. First N Numbers Sum", "02. First N Numbers Sum\02. First N Numbers Sum.csproj", "{7B6EFBC3-2F34-4755-9C4A-7E1F849DB0D4}"
EndProject
Project("{FAE04EC0-301F-11D3-BF4B-00C04F79EFBC}") = "04. Numbers Ending in 7", "04. Numbers Ending in 7\04. Numbers Ending in 7.csproj", "{79F9BE56-FEB8-464B-97D0-9601FE45878E}"
EndProject
Project("{FAE04EC0-301F-11D3-BF4B-00C04F79EFBC}") = "03. Sum Numbers", "03. Sum Numbers\03. Sum Numbers.csproj", "{52D3B69D-B491-4EB5-9346-4AD9700B33B5}"
EndProject
Project("{FAE04EC0-301F-11D3-BF4B-00C04F79EFBC}") = "05. Numbers From 1 to N over 3", "05. Numbers From 1 to N over 3\05. Numbers From 1 to N over 3.csproj", "{D8C39FED-7269-488D-AF27-7E72A5F3BA61}"
EndProject
Project("{FAE04EC0-301F-11D3-BF4B-00C04F79EFBC}") = "06. Exam Countdown", "06. Exam Countdown\06. Exam Countdown.csproj", "{C91B19B0-1F6F-4A78-B48A-6BFFFE5EAE6B}"
EndProject
Project("{FAE04EC0-301F-11D3-BF4B-00C04F79EFBC}") = "07. Latin Letters", "07. Latin Letters\07. Latin Letters.csproj", "{F9B2EF16-0020-41FE-A31D-48C47521D04D}"
EndProject
Global
	GlobalSection(SolutionConfigurationPlatforms) = preSolution
		Debug|Any CPU = Debug|Any CPU
		Release|Any CPU = Release|Any CPU
	EndGlobalSection
	GlobalSection(ProjectConfigurationPlatforms) = postSolution
		{74E18719-E488-4BDD-99D5-1D6E29463A0B}.Debug|Any CPU.ActiveCfg = Debug|Any CPU
		{74E18719-E488-4BDD-99D5-1D6E29463A0B}.Debug|Any CPU.Build.0 = Debug|Any CPU
		{74E18719-E488-4BDD-99D5-1D6E29463A0B}.Release|Any CPU.ActiveCfg = Release|Any CPU
		{74E18719-E488-4BDD-99D5-1D6E29463A0B}.Release|Any CPU.Build.0 = Release|Any CPU
		{7B6EFBC3-2F34-4755-9C4A-7E1F849DB0D4}.Debug|Any CPU.ActiveCfg = Debug|Any CPU
		{7B6EFBC3-2F34-4755-9C4A-7E1F849DB0D4}.Debug|Any CPU.Build.0 = Debug|Any CPU
		{7B6EFBC3-2F34-4755-9C4A-7E1F849DB0D4}.Release|Any CPU.ActiveCfg = Release|Any CPU
		{7B6EFBC3-2F34-4755-9C4A-7E1F849DB0D4}.Release|Any CPU.Build.0 = Release|Any CPU
		{79F9BE56-FEB8-464B-97D0-9601FE45878E}.Debug|Any CPU.ActiveCfg = Debug|Any CPU
		{79F9BE56-FEB8-464B-97D0-9601FE45878E}.Debug|Any CPU.Build.0 = Debug|Any CPU
		{79F9BE56-FEB8-464B-97D0-9601FE45878E}.Release|Any CPU.ActiveCfg = Release|Any CPU
		{79F9BE56-FEB8-464B-97D0-9601FE45878E}.Release|Any CPU.Build.0 = Release|Any CPU
		{52D3B69D-B491-4EB5-9346-4AD9700B33B5}.Debug|Any CPU.ActiveCfg = Debug|Any CPU
		{52D3B69D-B491-4EB5-9346-4AD9700B33B5}.Debug|Any CPU.Build.0 = Debug|Any CPU
		{52D3B69D-B491-4EB5-9346-4AD9700B33B5}.Release|Any CPU.ActiveCfg = Release|Any CPU
		{52D3B69D-B491-4EB5-9346-4AD9700B33B5}.Release|Any CPU.Build.0 = Release|Any CPU
		{D8C39FED-7269-488D-AF27-7E72A5F3BA61}.Debug|Any CPU.ActiveCfg = Debug|Any CPU
		{D8C39FED-7269-488D-AF27-7E72A5F3BA61}.Debug|Any CPU.Build.0 = Debug|Any CPU
		{D8C39FED-7269-488D-AF27-7E72A5F3BA61}.Release|Any CPU.ActiveCfg = Release|Any CPU
		{D8C39FED-7269-488D-AF27-7E72A5F3BA61}.Release|Any CPU.Build.0 = Release|Any CPU
		{C91B19B0-1F6F-4A78-B48A-6BFFFE5EAE6B}.Debug|Any CPU.ActiveCfg = Debug|Any CPU
		{C91B19B0-1F6F-4A78-B48A-6BFFFE5EAE6B}.Debug|Any CPU.Build.0 = Debug|Any CPU
		{C91B19B0-1F6F-4A78-B48A-6BFFFE5EAE6B}.Release|Any CPU.ActiveCfg = Release|Any CPU
		{C91B19B0-1F6F-4A78-B48A-6BFFFE5EAE6B}.Release|Any CPU.Build.0 = Release|Any CPU
		{F9B2EF16-0020-41FE-A31D-48C47521D04D}.Debug|Any CPU.ActiveCfg = Debug|Any CPU
		{F9B2EF16-0020-41FE-A31D-48C47521D04D}.Debug|Any CPU.Build.0 = Debug|Any CPU
		{F9B2EF16-0020-41FE-A31D-48C47521D04D}.Release|Any CPU.ActiveCfg = Release|Any CPU
		{F9B2EF16-0020-41FE-A31D-48C47521D04D}.Release|Any CPU.Build.0 = Release|Any CPU
	EndGlobalSection
	GlobalSection(SolutionProperties) = preSolution
		HideSolutionNode = FALSE
	EndGlobalSection
	GlobalSection(ExtensibilityGlobals) = postSolution
		SolutionGuid = {4903C29B-C162-44F2-8C19-74D3F32E73C8}
	EndGlobalSection
EndGlobal
