
Microsoft Visual Studio Solution File, Format Version 12.00
# Visual Studio Version 17
VisualStudioVersion = 17.10.34928.147
MinimumVisualStudioVersion = 10.0.40219.1
Project("{FAE04EC0-301F-11D3-BF4B-00C04F79EFBC}") = "01. Square Root", "01. Square Root\01. Square Root.csproj", "{86E53856-4293-4E2E-B73D-5BB3D2A8938C}"
EndProject
Project("{FAE04EC0-301F-11D3-BF4B-00C04F79EFBC}") = "02.Enter Numbers", "02.Enter Numbers\02.Enter Numbers.csproj", "{8ED474E9-B846-4F57-BEB5-4282AEF0F183}"
EndProject
Project("{FAE04EC0-301F-11D3-BF4B-00C04F79EFBC}") = "03. Sum of Integers", "03. Sum of Integers\03. Sum of Integers.csproj", "{D92A4CE9-311B-4A7D-9C7E-8D0C3C0E3572}"
EndProject
Global
	GlobalSection(SolutionConfigurationPlatforms) = preSolution
		Debug|Any CPU = Debug|Any CPU
		Release|Any CPU = Release|Any CPU
	EndGlobalSection
	GlobalSection(ProjectConfigurationPlatforms) = postSolution
		{86E53856-4293-4E2E-B73D-5BB3D2A8938C}.Debug|Any CPU.ActiveCfg = Debug|Any CPU
		{86E53856-4293-4E2E-B73D-5BB3D2A8938C}.Debug|Any CPU.Build.0 = Debug|Any CPU
		{86E53856-4293-4E2E-B73D-5BB3D2A8938C}.Release|Any CPU.ActiveCfg = Release|Any CPU
		{86E53856-4293-4E2E-B73D-5BB3D2A8938C}.Release|Any CPU.Build.0 = Release|Any CPU
		{8ED474E9-B846-4F57-BEB5-4282AEF0F183}.Debug|Any CPU.ActiveCfg = Debug|Any CPU
		{8ED474E9-B846-4F57-BEB5-4282AEF0F183}.Debug|Any CPU.Build.0 = Debug|Any CPU
		{8ED474E9-B846-4F57-BEB5-4282AEF0F183}.Release|Any CPU.ActiveCfg = Release|Any CPU
		{8ED474E9-B846-4F57-BEB5-4282AEF0F183}.Release|Any CPU.Build.0 = Release|Any CPU
		{D92A4CE9-311B-4A7D-9C7E-8D0C3C0E3572}.Debug|Any CPU.ActiveCfg = Debug|Any CPU
		{D92A4CE9-311B-4A7D-9C7E-8D0C3C0E3572}.Debug|Any CPU.Build.0 = Debug|Any CPU
		{D92A4CE9-311B-4A7D-9C7E-8D0C3C0E3572}.Release|Any CPU.ActiveCfg = Release|Any CPU
		{D92A4CE9-311B-4A7D-9C7E-8D0C3C0E3572}.Release|Any CPU.Build.0 = Release|Any CPU
	EndGlobalSection
	GlobalSection(SolutionProperties) = preSolution
		HideSolutionNode = FALSE
	EndGlobalSection
	GlobalSection(ExtensibilityGlobals) = postSolution
		SolutionGuid = {EF8F65E5-CADE-4933-8C6F-B7BEDF6AE323}
	EndGlobalSection
EndGlobal
